// !$*UTF8*$!
{
	archiveVersion = 1;
	classes = {
	};
	objectVersion = 51;
	objects = {

/* Begin PBXBuildFile section */
		4B33A19E279B63AD0004585C /* GoogleService-Info.plist in Resources */ = {isa = PBXBuildFile; fileRef = 4B33A19D279B63AD0004585C /* GoogleService-Info.plist */; };
		4B33A1A0279B6F220004585C /* HomeViewController.swift in Sources */ = {isa = PBXBuildFile; fileRef = 4B33A19F279B6F220004585C /* HomeViewController.swift */; };
		4B8FAF3B27837AEF00F45598 /* AppDelegate.swift in Sources */ = {isa = PBXBuildFile; fileRef = 4B8FAF3A27837AEF00F45598 /* AppDelegate.swift */; };
		4B8FAF3D27837AEF00F45598 /* SceneDelegate.swift in Sources */ = {isa = PBXBuildFile; fileRef = 4B8FAF3C27837AEF00F45598 /* SceneDelegate.swift */; };
		4B8FAF3F27837AEF00F45598 /* LoginViewController.swift in Sources */ = {isa = PBXBuildFile; fileRef = 4B8FAF3E27837AEF00F45598 /* LoginViewController.swift */; };
		4B8FAF4227837AEF00F45598 /* Main.storyboard in Resources */ = {isa = PBXBuildFile; fileRef = 4B8FAF4027837AEF00F45598 /* Main.storyboard */; };
		4B8FAF4427837AFA00F45598 /* Assets.xcassets in Resources */ = {isa = PBXBuildFile; fileRef = 4B8FAF4327837AFA00F45598 /* Assets.xcassets */; };
		4B8FAF4727837AFA00F45598 /* LaunchScreen.storyboard in Resources */ = {isa = PBXBuildFile; fileRef = 4B8FAF4527837AFA00F45598 /* LaunchScreen.storyboard */; };
		FD471AC151E66E313EAB85A1 /* Pods_PracticaFinal.framework in Frameworks */ = {isa = PBXBuildFile; fileRef = 5E00936258876222403A2E7E /* Pods_PracticaFinal.framework */; };
/* End PBXBuildFile section */

/* Begin PBXFileReference section */
		4B33A19D279B63AD0004585C /* GoogleService-Info.plist */ = {isa = PBXFileReference; fileEncoding = 4; lastKnownFileType = text.plist.xml; name = "GoogleService-Info.plist"; path = "../../../Downloads/GoogleService-Info.plist"; sourceTree = "<group>"; };
		4B33A19F279B6F220004585C /* HomeViewController.swift */ = {isa = PBXFileReference; lastKnownFileType = sourcecode.swift; path = HomeViewController.swift; sourceTree = "<group>"; };
		4B8FAF3727837AEF00F45598 /* Restaurante.app */ = {isa = PBXFileReference; explicitFileType = wrapper.application; includeInIndex = 0; path = Restaurante.app; sourceTree = BUILT_PRODUCTS_DIR; };
		4B8FAF3A27837AEF00F45598 /* AppDelegate.swift */ = {isa = PBXFileReference; lastKnownFileType = sourcecode.swift; path = AppDelegate.swift; sourceTree = "<group>"; };
		4B8FAF3C27837AEF00F45598 /* SceneDelegate.swift */ = {isa = PBXFileReference; lastKnownFileType = sourcecode.swift; path = SceneDelegate.swift; sourceTree = "<group>"; };
		4B8FAF3E27837AEF00F45598 /* LoginViewController.swift */ = {isa = PBXFileReference; lastKnownFileType = sourcecode.swift; path = LoginViewController.swift; sourceTree = "<group>"; };
		4B8FAF4127837AEF00F45598 /* Base */ = {isa = PBXFileReference; lastKnownFileType = file.storyboard; name = Base; path = Base.lproj/Main.storyboard; sourceTree = "<group>"; };
		4B8FAF4327837AFA00F45598 /* Assets.xcassets */ = {isa = PBXFileReference; lastKnownFileType = folder.assetcatalog; path = Assets.xcassets; sourceTree = "<group>"; };
		4B8FAF4627837AFA00F45598 /* Base */ = {isa = PBXFileReference; lastKnownFileType = file.storyboard; name = Base; path = Base.lproj/LaunchScreen.storyboard; sourceTree = "<group>"; };
		4B8FAF4827837AFA00F45598 /* Info.plist */ = {isa = PBXFileReference; lastKnownFileType = text.plist.xml; path = Info.plist; sourceTree = "<group>"; };
		5E00936258876222403A2E7E /* Pods_PracticaFinal.framework */ = {isa = PBXFileReference; explicitFileType = wrapper.framework; includeInIndex = 0; path = Pods_PracticaFinal.framework; sourceTree = BUILT_PRODUCTS_DIR; };
		6D8663A1E59C9B30195CAC63 /* Pods-PracticaFinal.release.xcconfig */ = {isa = PBXFileReference; includeInIndex = 1; lastKnownFileType = text.xcconfig; name = "Pods-PracticaFinal.release.xcconfig"; path = "Target Support Files/Pods-PracticaFinal/Pods-PracticaFinal.release.xcconfig"; sourceTree = "<group>"; };
		AAC0736BF9310BFC2E6133DC /* Pods-PracticaFinal.debug.xcconfig */ = {isa = PBXFileReference; includeInIndex = 1; lastKnownFileType = text.xcconfig; name = "Pods-PracticaFinal.debug.xcconfig"; path = "Target Support Files/Pods-PracticaFinal/Pods-PracticaFinal.debug.xcconfig"; sourceTree = "<group>"; };
/* End PBXFileReference section */

/* Begin PBXFrameworksBuildPhase section */
		4B8FAF3427837AEF00F45598 /* Frameworks */ = {
			isa = PBXFrameworksBuildPhase;
			buildActionMask = 2147483647;
			files = (
				FD471AC151E66E313EAB85A1 /* Pods_PracticaFinal.framework in Frameworks */,
			);
			runOnlyForDeploymentPostprocessing = 0;
		};
/* End PBXFrameworksBuildPhase section */

/* Begin PBXGroup section */
		4B8FAF2E27837AEF00F45598 = {
			isa = PBXGroup;
			children = (
				4B8FAF3927837AEF00F45598 /* PracticaFinal */,
				4B8FAF3827837AEF00F45598 /* Products */,
				795F7060BA3445C8A6A2DBA6 /* Pods */,
				F7046A5343EE1FFC70B4F695 /* Frameworks */,
			);
			sourceTree = "<group>";
		};
		4B8FAF3827837AEF00F45598 /* Products */ = {
			isa = PBXGroup;
			children = (
				4B8FAF3727837AEF00F45598 /* Restaurante.app */,
			);
			name = Products;
			sourceTree = "<group>";
		};
		4B8FAF3927837AEF00F45598 /* PracticaFinal */ = {
			isa = PBXGroup;
			children = (
				4B8FAF3A27837AEF00F45598 /* AppDelegate.swift */,
				4B8FAF3C27837AEF00F45598 /* SceneDelegate.swift */,
				4B8FAF3E27837AEF00F45598 /* LoginViewController.swift */,
				4B8FAF4027837AEF00F45598 /* Main.storyboard */,
				4B8FAF4327837AFA00F45598 /* Assets.xcassets */,
				4B8FAF4527837AFA00F45598 /* LaunchScreen.storyboard */,
				4B8FAF4827837AFA00F45598 /* Info.plist */,
				4B33A19D279B63AD0004585C /* GoogleService-Info.plist */,
				4B33A19F279B6F220004585C /* HomeViewController.swift */,
			);
			path = PracticaFinal;
			sourceTree = "<group>";
		};
		795F7060BA3445C8A6A2DBA6 /* Pods */ = {
			isa = PBXGroup;
			children = (
				AAC0736BF9310BFC2E6133DC /* Pods-PracticaFinal.debug.xcconfig */,
				6D8663A1E59C9B30195CAC63 /* Pods-PracticaFinal.release.xcconfig */,
			);
			path = Pods;
			sourceTree = "<group>";
		};
		F7046A5343EE1FFC70B4F695 /* Frameworks */ = {
			isa = PBXGroup;
			children = (
				5E00936258876222403A2E7E /* Pods_PracticaFinal.framework */,
			);
			name = Frameworks;
			sourceTree = "<group>";
		};
/* End PBXGroup section */

/* Begin PBXNativeTarget section */
		4B8FAF3627837AEF00F45598 /* PracticaFinal */ = {
			isa = PBXNativeTarget;
			buildConfigurationList = 4B8FAF4B27837AFA00F45598 /* Build configuration list for PBXNativeTarget "PracticaFinal" */;
			buildPhases = (
				17E734A9C26442F532278BD9 /* [CP] Check Pods Manifest.lock */,
				4B8FAF3327837AEF00F45598 /* Sources */,
				4B8FAF3427837AEF00F45598 /* Frameworks */,
				4B8FAF3527837AEF00F45598 /* Resources */,
				1CFE4B3B5FBE72229497293D /* [CP] Embed Pods Frameworks */,
			);
			buildRules = (
			);
			dependencies = (
			);
			name = PracticaFinal;
			productName = PracticaFinal;
			productReference = 4B8FAF3727837AEF00F45598 /* Restaurante.app */;
			productType = "com.apple.product-type.application";
		};
/* End PBXNativeTarget section */

/* Begin PBXProject section */
		4B8FAF2F27837AEF00F45598 /* Project object */ = {
			isa = PBXProject;
			attributes = {
				LastSwiftUpdateCheck = 1170;
				LastUpgradeCheck = 1170;
				ORGANIZATIONNAME = mcremote06;
				TargetAttributes = {
					4B8FAF3627837AEF00F45598 = {
						CreatedOnToolsVersion = 11.7;
					};
				};
			};
			buildConfigurationList = 4B8FAF3227837AEF00F45598 /* Build configuration list for PBXProject "PracticaFinal" */;
			compatibilityVersion = "Xcode 9.3";
			developmentRegion = en;
			hasScannedForEncodings = 0;
			knownRegions = (
				en,
				Base,
			);
			mainGroup = 4B8FAF2E27837AEF00F45598;
			productRefGroup = 4B8FAF3827837AEF00F45598 /* Products */;
			projectDirPath = "";
			projectRoot = "";
			targets = (
				4B8FAF3627837AEF00F45598 /* PracticaFinal */,
			);
		};
/* End PBXProject section */

/* Begin PBXResourcesBuildPhase section */
		4B8FAF3527837AEF00F45598 /* Resources */ = {
			isa = PBXResourcesBuildPhase;
			buildActionMask = 2147483647;
			files = (
				4B8FAF4727837AFA00F45598 /* LaunchScreen.storyboard in Resources */,
				4B33A19E279B63AD0004585C /* GoogleService-Info.plist in Resources */,
				4B8FAF4427837AFA00F45598 /* Assets.xcassets in Resources */,
				4B8FAF4227837AEF00F45598 /* Main.storyboard in Resources */,
			);
			runOnlyForDeploymentPostprocessing = 0;
		};
/* End PBXResourcesBuildPhase section */

/* Begin PBXShellScriptBuildPhase section */
		17E734A9C26442F532278BD9 /* [CP] Check Pods Manifest.lock */ = {
			isa = PBXShellScriptBuildPhase;
			buildActionMask = 2147483647;
			files = (
			);
			inputFileListPaths = (
			);
			inputPaths = (
				"${PODS_PODFILE_DIR_PATH}/Podfile.lock",
				"${PODS_ROOT}/Manifest.lock",
			);
			name = "[CP] Check Pods Manifest.lock";
			outputFileListPaths = (
			);
			outputPaths = (
				"$(DERIVED_FILE_DIR)/Pods-PracticaFinal-checkManifestLockResult.txt",
			);
			runOnlyForDeploymentPostprocessing = 0;
			shellPath = /bin/sh;
			shellScript = "diff \"${PODS_PODFILE_DIR_PATH}/Podfile.lock\" \"${PODS_ROOT}/Manifest.lock\" > /dev/null\nif [ $? != 0 ] ; then\n    # print error to STDERR\n    echo \"error: The sandbox is not in sync with the Podfile.lock. Run 'pod install' or update your CocoaPods installation.\" >&2\n    exit 1\nfi\n# This output is used by Xcode 'outputs' to avoid re-running this script phase.\necho \"SUCCESS\" > \"${SCRIPT_OUTPUT_FILE_0}\"\n";
			showEnvVarsInLog = 0;
		};
		1CFE4B3B5FBE72229497293D /* [CP] Embed Pods Frameworks */ = {
			isa = PBXShellScriptBuildPhase;
			buildActionMask = 2147483647;
			files = (
			);
			inputFileListPaths = (
				"${PODS_ROOT}/Target Support Files/Pods-PracticaFinal/Pods-PracticaFinal-frameworks-${CONFIGURATION}-input-files.xcfilelist",
			);
			name = "[CP] Embed Pods Frameworks";
			outputFileListPaths = (
				"${PODS_ROOT}/Target Support Files/Pods-PracticaFinal/Pods-PracticaFinal-frameworks-${CONFIGURATION}-output-files.xcfilelist",
			);
			runOnlyForDeploymentPostprocessing = 0;
			shellPath = /bin/sh;
			shellScript = "\"${PODS_ROOT}/Target Support Files/Pods-PracticaFinal/Pods-PracticaFinal-frameworks.sh\"\n";
			showEnvVarsInLog = 0;
		};
/* End PBXShellScriptBuildPhase section */

/* Begin PBXSourcesBuildPhase section */
		4B8FAF3327837AEF00F45598 /* Sources */ = {
			isa = PBXSourcesBuildPhase;
			buildActionMask = 2147483647;
			files = (
				4B8FAF3F27837AEF00F45598 /* LoginViewController.swift in Sources */,
				4B8FAF3B27837AEF00F45598 /* AppDelegate.swift in Sources */,
				4B8FAF3D27837AEF00F45598 /* SceneDelegate.swift in Sources */,
				4B33A1A0279B6F220004585C /* HomeViewController.swift in Sources */,
			);
			runOnlyForDeploymentPostprocessing = 0;
		};
/* End PBXSourcesBuildPhase section */

/* Begin PBXVariantGroup section */
		4B8FAF4027837AEF00F45598 /* Main.storyboard */ = {
			isa = PBXVariantGroup;
			children = (
				4B8FAF4127837AEF00F45598 /* Base */,
			);
			name = Main.storyboard;
			sourceTree = "<group>";
		};
		4B8FAF4527837AFA00F45598 /* LaunchScreen.storyboard */ = {
			isa = PBXVariantGroup;
			children = (
				4B8FAF4627837AFA00F45598 /* Base */,
			);
			name = LaunchScreen.storyboard;
			sourceTree = "<group>";
		};
/* End PBXVariantGroup section */

/* Begin XCBuildConfiguration section */
		4B8FAF4927837AFA00F45598 /* Debug */ = {
			isa = XCBuildConfiguration;
			buildSettings = {
				ALWAYS_SEARCH_USER_PATHS = NO;
				CLANG_ANALYZER_NONNULL = YES;
				CLANG_ANALYZER_NUMBER_OBJECT_CONVERSION = YES_AGGRESSIVE;
				CLANG_CXX_LANGUAGE_STANDARD = "gnu++14";
				CLANG_CXX_LIBRARY = "libc++";
				CLANG_ENABLE_MODULES = YES;
				CLANG_ENABLE_OBJC_ARC = YES;
				CLANG_ENABLE_OBJC_WEAK = YES;
				CLANG_WARN_BLOCK_CAPTURE_AUTORELEASING = YES;
				CLANG_WARN_BOOL_CONVERSION = YES;
				CLANG_WARN_COMMA = YES;
				CLANG_WARN_CONSTANT_CONVERSION = YES;
				CLANG_WARN_DEPRECATED_OBJC_IMPLEMENTATIONS = YES;
				CLANG_WARN_DIRECT_OBJC_ISA_USAGE = YES_ERROR;
				CLANG_WARN_DOCUMENTATION_COMMENTS = YES;
				CLANG_WARN_EMPTY_BODY = YES;
				CLANG_WARN_ENUM_CONVERSION = YES;
				CLANG_WARN_INFINITE_RECURSION = YES;
				CLANG_WARN_INT_CONVERSION = YES;
				CLANG_WARN_NON_LITERAL_NULL_CONVERSION = YES;
				CLANG_WARN_OBJC_IMPLICIT_RETAIN_SELF = YES;
				CLANG_WARN_OBJC_LITERAL_CONVERSION = YES;
				CLANG_WARN_OBJC_ROOT_CLASS = YES_ERROR;
				CLANG_WARN_RANGE_LOOP_ANALYSIS = YES;
				CLANG_WARN_STRICT_PROTOTYPES = YES;
				CLANG_WARN_SUSPICIOUS_MOVE = YES;
				CLANG_WARN_UNGUARDED_AVAILABILITY = YES_AGGRESSIVE;
				CLANG_WARN_UNREACHABLE_CODE = YES;
				CLANG_WARN__DUPLICATE_METHOD_MATCH = YES;
				COPY_PHASE_STRIP = NO;
				DEBUG_INFORMATION_FORMAT = dwarf;
				ENABLE_STRICT_OBJC_MSGSEND = YES;
				ENABLE_TESTABILITY = YES;
				GCC_C_LANGUAGE_STANDARD = gnu11;
				GCC_DYNAMIC_NO_PIC = NO;
				GCC_NO_COMMON_BLOCKS = YES;
				GCC_OPTIMIZATION_LEVEL = 0;
				GCC_PREPROCESSOR_DEFINITIONS = (
					"DEBUG=1",
					"$(inherited)",
				);
				GCC_WARN_64_TO_32_BIT_CONVERSION = YES;
				GCC_WARN_ABOUT_RETURN_TYPE = YES_ERROR;
				GCC_WARN_UNDECLARED_SELECTOR = YES;
				GCC_WARN_UNINITIALIZED_AUTOS = YES_AGGRESSIVE;
				GCC_WARN_UNUSED_FUNCTION = YES;
				GCC_WARN_UNUSED_VARIABLE = YES;
				IPHONEOS_DEPLOYMENT_TARGET = 13.7;
				MTL_ENABLE_DEBUG_INFO = INCLUDE_SOURCE;
				MTL_FAST_MATH = YES;
				ONLY_ACTIVE_ARCH = YES;
				SDKROOT = iphoneos;
				SWIFT_ACTIVE_COMPILATION_CONDITIONS = DEBUG;
				SWIFT_OPTIMIZATION_LEVEL = "-Onone";
			};
			name = Debug;
		};
		4B8FAF4A27837AFA00F45598 /* Release */ = {
			isa = XCBuildConfiguration;
			buildSettings = {
				ALWAYS_SEARCH_USER_PATHS = NO;
				CLANG_ANALYZER_NONNULL = YES;
				CLANG_ANALYZER_NUMBER_OBJECT_CONVERSION = YES_AGGRESSIVE;
				CLANG_CXX_LANGUAGE_STANDARD = "gnu++14";
				CLANG_CXX_LIBRARY = "libc++";
				CLANG_ENABLE_MODULES = YES;
				CLANG_ENABLE_OBJC_ARC = YES;
				CLANG_ENABLE_OBJC_WEAK = YES;
				CLANG_WARN_BLOCK_CAPTURE_AUTORELEASING = YES;
				CLANG_WARN_BOOL_CONVERSION = YES;
				CLANG_WARN_COMMA = YES;
				CLANG_WARN_CONSTANT_CONVERSION = YES;
				CLANG_WARN_DEPRECATED_OBJC_IMPLEMENTATIONS = YES;
				CLANG_WARN_DIRECT_OBJC_ISA_USAGE = YES_ERROR;
				CLANG_WARN_DOCUMENTATION_COMMENTS = YES;
				CLANG_WARN_EMPTY_BODY = YES;
				CLANG_WARN_ENUM_CONVERSION = YES;
				CLANG_WARN_INFINITE_RECURSION = YES;
				CLANG_WARN_INT_CONVERSION = YES;
				CLANG_WARN_NON_LITERAL_NULL_CONVERSION = YES;
				CLANG_WARN_OBJC_IMPLICIT_RETAIN_SELF = YES;
				CLANG_WARN_OBJC_LITERAL_CONVERSION = YES;
				CLANG_WARN_OBJC_ROOT_CLASS = YES_ERROR;
				CLANG_WARN_RANGE_LOOP_ANALYSIS = YES;
				CLANG_WARN_STRICT_PROTOTYPES = YES;
				CLANG_WARN_SUSPICIOUS_MOVE = YES;
				CLANG_WARN_UNGUARDED_AVAILABILITY = YES_AGGRESSIVE;
				CLANG_WARN_UNREACHABLE_CODE = YES;
				CLANG_WARN__DUPLICATE_METHOD_MATCH = YES;
				COPY_PHASE_STRIP = NO;
				DEBUG_INFORMATION_FORMAT = "dwarf-with-dsym";
				ENABLE_NS_ASSERTIONS = NO;
				ENABLE_STRICT_OBJC_MSGSEND = YES;
				GCC_C_LANGUAGE_STANDARD = gnu11;
				GCC_NO_COMMON_BLOCKS = YES;
				GCC_WARN_64_TO_32_BIT_CONVERSION = YES;
				GCC_WARN_ABOUT_RETURN_TYPE = YES_ERROR;
				GCC_WARN_UNDECLARED_SELECTOR = YES;
				GCC_WARN_UNINITIALIZED_AUTOS = YES_AGGRESSIVE;
				GCC_WARN_UNUSED_FUNCTION = YES;
				GCC_WARN_UNUSED_VARIABLE = YES;
				IPHONEOS_DEPLOYMENT_TARGET = 13.7;
				MTL_ENABLE_DEBUG_INFO = NO;
				MTL_FAST_MATH = YES;
				SDKROOT = iphoneos;
				SWIFT_COMPILATION_MODE = wholemodule;
				SWIFT_OPTIMIZATION_LEVEL = "-O";
				VALIDATE_PRODUCT = YES;
			};
			name = Release;
		};
		4B8FAF4C27837AFA00F45598 /* Debug */ = {
			isa = XCBuildConfiguration;
			baseConfigurationReference = AAC0736BF9310BFC2E6133DC /* Pods-PracticaFinal.debug.xcconfig */;
			buildSettings = {
				ASSETCATALOG_COMPILER_APPICON_NAME = AppIcon;
				CODE_SIGN_STYLE = Automatic;
				INFOPLIST_FILE = PracticaFinal/Info.plist;
				LD_RUNPATH_SEARCH_PATHS = (
					"$(inherited)",
					"@executable_path/Frameworks",
				);
				MARKETING_VERSION = 2.0;
				PRODUCT_BUNDLE_IDENTIFIER = edu.ucam.PracticaFinal;
				PRODUCT_NAME = Restaurante;
				SWIFT_VERSION = 5.0;
				TARGETED_DEVICE_FAMILY = "1,2";
			};
			name = Debug;
		};
		4B8FAF4D27837AFA00F45598 /* Release */ = {
			isa = XCBuildConfiguration;
			baseConfigurationReference = 6D8663A1E59C9B30195CAC63 /* Pods-PracticaFinal.release.xcconfig */;
			buildSettings = {
				ASSETCATALOG_COMPILER_APPICON_NAME = AppIcon;
				CODE_SIGN_STYLE = Automatic;
				INFOPLIST_FILE = PracticaFinal/Info.plist;
				LD_RUNPATH_SEARCH_PATHS = (
					"$(inherited)",
					"@executable_path/Frameworks",
				);
				MARKETING_VERSION = 2.0;
				PRODUCT_BUNDLE_IDENTIFIER = edu.ucam.PracticaFinal;
				PRODUCT_NAME = Restaurante;
				SWIFT_VERSION = 5.0;
				TARGETED_DEVICE_FAMILY = "1,2";
			};
			name = Release;
		};
/* End XCBuildConfiguration section */

/* Begin XCConfigurationList section */
		4B8FAF3227837AEF00F45598 /* Build configuration list for PBXProject "PracticaFinal" */ = {
			isa = XCConfigurationList;
			buildConfigurations = (
				4B8FAF4927837AFA00F45598 /* Debug */,
				4B8FAF4A27837AFA00F45598 /* Release */,
			);
			defaultConfigurationIsVisible = 0;
			defaultConfigurationName = Release;
		};
		4B8FAF4B27837AFA00F45598 /* Build configuration list for PBXNativeTarget "PracticaFinal" */ = {
			isa = XCConfigurationList;
			buildConfigurations = (
				4B8FAF4C27837AFA00F45598 /* Debug */,
				4B8FAF4D27837AFA00F45598 /* Release */,
			);
			defaultConfigurationIsVisible = 0;
			defaultConfigurationName = Release;
		};
/* End XCConfigurationList section */
	};
	rootObject = 4B8FAF2F27837AEF00F45598 /* Project object */;
}
